
Microsoft Visual Studio Solution File, Format Version 12.00
# Visual Studio Version 17
VisualStudioVersion = 17.12.35707.178 d17.12
MinimumVisualStudioVersion = 10.0.40219.1
Project("{D2ABAB84-BF74-430A-B69E-9DC6D40DDA17}") = "OLAP_1", "OLAP_1.dwproj", "{A29E2536-D28B-4A15-ADF6-39B5AACA3C4A}"
EndProject
Global
	GlobalSection(SolutionConfigurationPlatforms) = preSolution
		Development|Default = Development|Default
	EndGlobalSection
	GlobalSection(ProjectConfigurationPlatforms) = postSolution
		{A29E2536-D28B-4A15-ADF6-39B5AACA3C4A}.Development|Default.ActiveCfg = Development
		{A29E2536-D28B-4A15-ADF6-39B5AACA3C4A}.Development|Default.Build.0 = Development
		{A29E2536-D28B-4A15-ADF6-39B5AACA3C4A}.Development|Default.Deploy.0 = Development
	EndGlobalSection
	GlobalSection(SolutionProperties) = preSolution
		HideSolutionNode = FALSE
	EndGlobalSection
EndGlobal
