
Microsoft Visual Studio Solution File, Format Version 12.00
# Visual Studio Version 17
VisualStudioVersion = 17.12.35707.178 d17.12
MinimumVisualStudioVersion = 10.0.40219.1
Project("{F14B399A-7131-4C87-9E4B-1186C45EF12D}") = "etl-lab1", "etl-lab1\etl-lab1.rptproj", "{EE837D8A-C614-4A3C-8AFD-AC2E4084FBF9}"
EndProject
Global
	GlobalSection(SolutionConfigurationPlatforms) = preSolution
		Debug|Default = Debug|Default
		DebugLocal|Default = DebugLocal|Default
		Release|Default = Release|Default
	EndGlobalSection
	GlobalSection(ProjectConfigurationPlatforms) = postSolution
		{EE837D8A-C614-4A3C-8AFD-AC2E4084FBF9}.Debug|Default.ActiveCfg = Debug
		{EE837D8A-C614-4A3C-8AFD-AC2E4084FBF9}.Debug|Default.Build.0 = Debug
		{EE837D8A-C614-4A3C-8AFD-AC2E4084FBF9}.Debug|Default.Deploy.0 = Debug
		{EE837D8A-C614-4A3C-8AFD-AC2E4084FBF9}.DebugLocal|Default.ActiveCfg = DebugLocal
		{EE837D8A-C614-4A3C-8AFD-AC2E4084FBF9}.DebugLocal|Default.Build.0 = DebugLocal
		{EE837D8A-C614-4A3C-8AFD-AC2E4084FBF9}.Release|Default.ActiveCfg = Release
		{EE837D8A-C614-4A3C-8AFD-AC2E4084FBF9}.Release|Default.Build.0 = Release
		{EE837D8A-C614-4A3C-8AFD-AC2E4084FBF9}.Release|Default.Deploy.0 = Release
	EndGlobalSection
	GlobalSection(SolutionProperties) = preSolution
		HideSolutionNode = FALSE
	EndGlobalSection
EndGlobal
