
Microsoft Visual Studio Solution File, Format Version 12.00
# Visual Studio Version 17
VisualStudioVersion = 17.12.35707.178 d17.12
MinimumVisualStudioVersion = 10.0.40219.1
Project("{F14B399A-7131-4C87-9E4B-1186C45EF12D}") = "Advanced_Report", "Advanced_Report.rptproj", "{765EB0EA-2FB0-48B4-AD88-99B3832E51C0}"
EndProject
Global
	GlobalSection(SolutionConfigurationPlatforms) = preSolution
		Debug|Default = Debug|Default
		DebugLocal|Default = DebugLocal|Default
		Release|Default = Release|Default
	EndGlobalSection
	GlobalSection(ProjectConfigurationPlatforms) = postSolution
		{765EB0EA-2FB0-48B4-AD88-99B3832E51C0}.Debug|Default.ActiveCfg = Debug
		{765EB0EA-2FB0-48B4-AD88-99B3832E51C0}.Debug|Default.Build.0 = Debug
		{765EB0EA-2FB0-48B4-AD88-99B3832E51C0}.Debug|Default.Deploy.0 = Debug
		{765EB0EA-2FB0-48B4-AD88-99B3832E51C0}.DebugLocal|Default.ActiveCfg = DebugLocal
		{765EB0EA-2FB0-48B4-AD88-99B3832E51C0}.DebugLocal|Default.Build.0 = DebugLocal
		{765EB0EA-2FB0-48B4-AD88-99B3832E51C0}.Release|Default.ActiveCfg = Release
		{765EB0EA-2FB0-48B4-AD88-99B3832E51C0}.Release|Default.Build.0 = Release
		{765EB0EA-2FB0-48B4-AD88-99B3832E51C0}.Release|Default.Deploy.0 = Release
	EndGlobalSection
	GlobalSection(SolutionProperties) = preSolution
		HideSolutionNode = FALSE
	EndGlobalSection
EndGlobal
